
Microsoft Visual Studio Solution File, Format Version 12.00
# Visual Studio 15
VisualStudioVersion = 15.0.34320.172
MinimumVisualStudioVersion = 10.0.40219.1
Project("{FAE04EC0-301F-11D3-BF4B-00C04F79EFBC}") = "监测程序服务端", "监测程序服务端\监测程序服务端.csproj", "{8919E5CC-274B-42B6-8101-AAE054BF6773}"
EndProject
Global
	GlobalSection(SolutionConfigurationPlatforms) = preSolution
		Debug|Any CPU = Debug|Any CPU
		Release|Any CPU = Release|Any CPU
	EndGlobalSection
	GlobalSection(ProjectConfigurationPlatforms) = postSolution
		{8919E5CC-274B-42B6-8101-AAE054BF6773}.Debug|Any CPU.ActiveCfg = Debug|Any CPU
		{8919E5CC-274B-42B6-8101-AAE054BF6773}.Debug|Any CPU.Build.0 = Debug|Any CPU
		{8919E5CC-274B-42B6-8101-AAE054BF6773}.Release|Any CPU.ActiveCfg = Release|Any CPU
		{8919E5CC-274B-42B6-8101-AAE054BF6773}.Release|Any CPU.Build.0 = Release|Any CPU
	EndGlobalSection
	GlobalSection(SolutionProperties) = preSolution
		HideSolutionNode = FALSE
	EndGlobalSection
	GlobalSection(ExtensibilityGlobals) = postSolution
		SolutionGuid = {63CE1A86-43F4-4175-99C3-A12AF1C1842C}
	EndGlobalSection
EndGlobal
